
Microsoft Visual Studio Solution File, Format Version 12.00
# Visual Studio 15
VisualStudioVersion = 15.0.26430.14
MinimumVisualStudioVersion = 10.0.40219.1
Project("{FAE04EC0-301F-11D3-BF4B-00C04F79EFBC}") = "ProcesoShneider", "ProcesoShneider\ProcesoShneider.csproj", "{C16957F7-2F7E-449E-AA16-C8202CDBD837}"
EndProject
Project("{FAE04EC0-301F-11D3-BF4B-00C04F79EFBC}") = "ProcesoShneider.Tests", "ProcesoShneider.Tests\ProcesoShneider.Tests.csproj", "{18B77EC0-697D-483B-A9FD-E07601124E7C}"
EndProject
Global
	GlobalSection(SolutionConfigurationPlatforms) = preSolution
		Debug|Any CPU = Debug|Any CPU
		Release|Any CPU = Release|Any CPU
	EndGlobalSection
	GlobalSection(ProjectConfigurationPlatforms) = postSolution
		{C16957F7-2F7E-449E-AA16-C8202CDBD837}.Debug|Any CPU.ActiveCfg = Debug|Any CPU
		{C16957F7-2F7E-449E-AA16-C8202CDBD837}.Debug|Any CPU.Build.0 = Debug|Any CPU
		{C16957F7-2F7E-449E-AA16-C8202CDBD837}.Release|Any CPU.ActiveCfg = Release|Any CPU
		{C16957F7-2F7E-449E-AA16-C8202CDBD837}.Release|Any CPU.Build.0 = Release|Any CPU
		{18B77EC0-697D-483B-A9FD-E07601124E7C}.Debug|Any CPU.ActiveCfg = Debug|Any CPU
		{18B77EC0-697D-483B-A9FD-E07601124E7C}.Debug|Any CPU.Build.0 = Debug|Any CPU
		{18B77EC0-697D-483B-A9FD-E07601124E7C}.Release|Any CPU.ActiveCfg = Release|Any CPU
		{18B77EC0-697D-483B-A9FD-E07601124E7C}.Release|Any CPU.Build.0 = Release|Any CPU
	EndGlobalSection
	GlobalSection(SolutionProperties) = preSolution
		HideSolutionNode = FALSE
	EndGlobalSection
EndGlobal
